
Microsoft Visual Studio Solution File, Format Version 12.00
# Visual Studio Version 16
VisualStudioVersion = 16.0.29509.3
MinimumVisualStudioVersion = 10.0.40219.1
Project("{8BC9CEB8-8B4A-11D0-8D11-00A0C91BC942}") = "1_twosum", "1_twosum\1_twosum.vcxproj", "{1C8F00EB-12ED-4669-96B7-9E456E5C5E56}"
EndProject
Project("{8BC9CEB8-8B4A-11D0-8D11-00A0C91BC942}") = "104_maxdepth", "104_maxdepth\104_maxdepth.vcxproj", "{A125830E-C85A-4185-8472-5014D904A953}"
EndProject
Project("{8BC9CEB8-8B4A-11D0-8D11-00A0C91BC942}") = "458_poorpig", "458_poorpig\458_poorpig.vcxproj", "{858BDB9D-8AE1-4120-94BF-2715089F3EB2}"
EndProject
Global
	GlobalSection(SolutionConfigurationPlatforms) = preSolution
		Debug|x64 = Debug|x64
		Debug|x86 = Debug|x86
		Release|x64 = Release|x64
		Release|x86 = Release|x86
	EndGlobalSection
	GlobalSection(ProjectConfigurationPlatforms) = postSolution
		{1C8F00EB-12ED-4669-96B7-9E456E5C5E56}.Debug|x64.ActiveCfg = Debug|x64
		{1C8F00EB-12ED-4669-96B7-9E456E5C5E56}.Debug|x64.Build.0 = Debug|x64
		{1C8F00EB-12ED-4669-96B7-9E456E5C5E56}.Debug|x86.ActiveCfg = Debug|Win32
		{1C8F00EB-12ED-4669-96B7-9E456E5C5E56}.Debug|x86.Build.0 = Debug|Win32
		{1C8F00EB-12ED-4669-96B7-9E456E5C5E56}.Release|x64.ActiveCfg = Release|x64
		{1C8F00EB-12ED-4669-96B7-9E456E5C5E56}.Release|x64.Build.0 = Release|x64
		{1C8F00EB-12ED-4669-96B7-9E456E5C5E56}.Release|x86.ActiveCfg = Release|Win32
		{1C8F00EB-12ED-4669-96B7-9E456E5C5E56}.Release|x86.Build.0 = Release|Win32
		{A125830E-C85A-4185-8472-5014D904A953}.Debug|x64.ActiveCfg = Debug|x64
		{A125830E-C85A-4185-8472-5014D904A953}.Debug|x64.Build.0 = Debug|x64
		{A125830E-C85A-4185-8472-5014D904A953}.Debug|x86.ActiveCfg = Debug|Win32
		{A125830E-C85A-4185-8472-5014D904A953}.Debug|x86.Build.0 = Debug|Win32
		{A125830E-C85A-4185-8472-5014D904A953}.Release|x64.ActiveCfg = Release|x64
		{A125830E-C85A-4185-8472-5014D904A953}.Release|x64.Build.0 = Release|x64
		{A125830E-C85A-4185-8472-5014D904A953}.Release|x86.ActiveCfg = Release|Win32
		{A125830E-C85A-4185-8472-5014D904A953}.Release|x86.Build.0 = Release|Win32
		{858BDB9D-8AE1-4120-94BF-2715089F3EB2}.Debug|x64.ActiveCfg = Debug|x64
		{858BDB9D-8AE1-4120-94BF-2715089F3EB2}.Debug|x64.Build.0 = Debug|x64
		{858BDB9D-8AE1-4120-94BF-2715089F3EB2}.Debug|x86.ActiveCfg = Debug|Win32
		{858BDB9D-8AE1-4120-94BF-2715089F3EB2}.Debug|x86.Build.0 = Debug|Win32
		{858BDB9D-8AE1-4120-94BF-2715089F3EB2}.Release|x64.ActiveCfg = Release|x64
		{858BDB9D-8AE1-4120-94BF-2715089F3EB2}.Release|x64.Build.0 = Release|x64
		{858BDB9D-8AE1-4120-94BF-2715089F3EB2}.Release|x86.ActiveCfg = Release|Win32
		{858BDB9D-8AE1-4120-94BF-2715089F3EB2}.Release|x86.Build.0 = Release|Win32
	EndGlobalSection
	GlobalSection(SolutionProperties) = preSolution
		HideSolutionNode = FALSE
	EndGlobalSection
	GlobalSection(ExtensibilityGlobals) = postSolution
		SolutionGuid = {CDC863A5-7F6A-41B9-9AF6-ECD3554EE359}
	EndGlobalSection
EndGlobal
